
Microsoft Visual Studio Solution File, Format Version 12.00
# Visual Studio 14
VisualStudioVersion = 14.0.25420.1
MinimumVisualStudioVersion = 10.0.40219.1
Project("{F2A71F9B-5D33-465A-A702-920D77279786}") = "ExtraLife", "ExtraLife.fsproj", "{2DF91809-8A7E-4BD0-9FAF-78FF9AE2D578}"
EndProject
Global
	GlobalSection(SolutionConfigurationPlatforms) = preSolution
		Debug|Any CPU = Debug|Any CPU
		Release|Any CPU = Release|Any CPU
	EndGlobalSection
	GlobalSection(ProjectConfigurationPlatforms) = postSolution
		{2DF91809-8A7E-4BD0-9FAF-78FF9AE2D578}.Debug|Any CPU.ActiveCfg = Debug|Any CPU
		{2DF91809-8A7E-4BD0-9FAF-78FF9AE2D578}.Debug|Any CPU.Build.0 = Debug|Any CPU
		{2DF91809-8A7E-4BD0-9FAF-78FF9AE2D578}.Release|Any CPU.ActiveCfg = Release|Any CPU
		{2DF91809-8A7E-4BD0-9FAF-78FF9AE2D578}.Release|Any CPU.Build.0 = Release|Any CPU
	EndGlobalSection
	GlobalSection(SolutionProperties) = preSolution
		HideSolutionNode = FALSE
	EndGlobalSection
EndGlobal
